// !$*UTF8*$!
{
	archiveVersion = 1;
	classes = {
	};
	objectVersion = 50;
	objects = {

/* Begin PBXBuildFile section */
		AE12123824C1AB1300822FF4 /* AppDelegate.swift in Sources */ = {isa = PBXBuildFile; fileRef = AE12123724C1AB1300822FF4 /* AppDelegate.swift */; };
		AE12123A24C1AB1300822FF4 /* SceneDelegate.swift in Sources */ = {isa = PBXBuildFile; fileRef = AE12123924C1AB1300822FF4 /* SceneDelegate.swift */; };
		AE12123F24C1AB1300822FF4 /* Main.storyboard in Resources */ = {isa = PBXBuildFile; fileRef = AE12123D24C1AB1300822FF4 /* Main.storyboard */; };
		AE12124124C1AB1500822FF4 /* Assets.xcassets in Resources */ = {isa = PBXBuildFile; fileRef = AE12124024C1AB1500822FF4 /* Assets.xcassets */; };
		AE12124424C1AB1500822FF4 /* LaunchScreen.storyboard in Resources */ = {isa = PBXBuildFile; fileRef = AE12124224C1AB1500822FF4 /* LaunchScreen.storyboard */; };
		AE12124C24C1B82B00822FF4 /* MainViewController.swift in Sources */ = {isa = PBXBuildFile; fileRef = AE12124B24C1B82B00822FF4 /* MainViewController.swift */; };
		AEDB301324C5C7DC0073217D /* CustomTableViewCell.swift in Sources */ = {isa = PBXBuildFile; fileRef = AEDB301224C5C7DC0073217D /* CustomTableViewCell.swift */; };
		AEDB301524C5CEE10073217D /* PlaseModel.swift in Sources */ = {isa = PBXBuildFile; fileRef = AEDB301424C5CEE10073217D /* PlaseModel.swift */; };
		AEDB301724C5E1190073217D /* NewPlacesViewController.swift in Sources */ = {isa = PBXBuildFile; fileRef = AEDB301624C5E1190073217D /* NewPlacesViewController.swift */; };
/* End PBXBuildFile section */

/* Begin PBXFileReference section */
		AE12123424C1AB1300822FF4 /* MyPlases.app */ = {isa = PBXFileReference; explicitFileType = wrapper.application; includeInIndex = 0; path = MyPlases.app; sourceTree = BUILT_PRODUCTS_DIR; };
		AE12123724C1AB1300822FF4 /* AppDelegate.swift */ = {isa = PBXFileReference; lastKnownFileType = sourcecode.swift; path = AppDelegate.swift; sourceTree = "<group>"; };
		AE12123924C1AB1300822FF4 /* SceneDelegate.swift */ = {isa = PBXFileReference; lastKnownFileType = sourcecode.swift; path = SceneDelegate.swift; sourceTree = "<group>"; };
		AE12123E24C1AB1300822FF4 /* Base */ = {isa = PBXFileReference; lastKnownFileType = file.storyboard; name = Base; path = Base.lproj/Main.storyboard; sourceTree = "<group>"; };
		AE12124024C1AB1500822FF4 /* Assets.xcassets */ = {isa = PBXFileReference; lastKnownFileType = folder.assetcatalog; path = Assets.xcassets; sourceTree = "<group>"; };
		AE12124324C1AB1500822FF4 /* Base */ = {isa = PBXFileReference; lastKnownFileType = file.storyboard; name = Base; path = Base.lproj/LaunchScreen.storyboard; sourceTree = "<group>"; };
		AE12124524C1AB1500822FF4 /* Info.plist */ = {isa = PBXFileReference; lastKnownFileType = text.plist.xml; path = Info.plist; sourceTree = "<group>"; };
		AE12124B24C1B82B00822FF4 /* MainViewController.swift */ = {isa = PBXFileReference; lastKnownFileType = sourcecode.swift; path = MainViewController.swift; sourceTree = "<group>"; };
		AEDB301224C5C7DC0073217D /* CustomTableViewCell.swift */ = {isa = PBXFileReference; lastKnownFileType = sourcecode.swift; path = CustomTableViewCell.swift; sourceTree = "<group>"; };
		AEDB301424C5CEE10073217D /* PlaseModel.swift */ = {isa = PBXFileReference; lastKnownFileType = sourcecode.swift; path = PlaseModel.swift; sourceTree = "<group>"; };
		AEDB301624C5E1190073217D /* NewPlacesViewController.swift */ = {isa = PBXFileReference; lastKnownFileType = sourcecode.swift; path = NewPlacesViewController.swift; sourceTree = "<group>"; };
/* End PBXFileReference section */

/* Begin PBXFrameworksBuildPhase section */
		AE12123124C1AB1300822FF4 /* Frameworks */ = {
			isa = PBXFrameworksBuildPhase;
			buildActionMask = 2147483647;
			files = (
			);
			runOnlyForDeploymentPostprocessing = 0;
		};
/* End PBXFrameworksBuildPhase section */

/* Begin PBXGroup section */
		AE12122B24C1AB1300822FF4 = {
			isa = PBXGroup;
			children = (
				AE12123624C1AB1300822FF4 /* MyPlases */,
				AE12123524C1AB1300822FF4 /* Products */,
			);
			sourceTree = "<group>";
		};
		AE12123524C1AB1300822FF4 /* Products */ = {
			isa = PBXGroup;
			children = (
				AE12123424C1AB1300822FF4 /* MyPlases.app */,
			);
			name = Products;
			sourceTree = "<group>";
		};
		AE12123624C1AB1300822FF4 /* MyPlases */ = {
			isa = PBXGroup;
			children = (
				AE12123724C1AB1300822FF4 /* AppDelegate.swift */,
				AE12124B24C1B82B00822FF4 /* MainViewController.swift */,
				AEDB301424C5CEE10073217D /* PlaseModel.swift */,
				AE12123924C1AB1300822FF4 /* SceneDelegate.swift */,
				AE12123D24C1AB1300822FF4 /* Main.storyboard */,
				AEDB301624C5E1190073217D /* NewPlacesViewController.swift */,
				AEDB301224C5C7DC0073217D /* CustomTableViewCell.swift */,
				AE12124024C1AB1500822FF4 /* Assets.xcassets */,
				AE12124224C1AB1500822FF4 /* LaunchScreen.storyboard */,
				AE12124524C1AB1500822FF4 /* Info.plist */,
			);
			path = MyPlases;
			sourceTree = "<group>";
		};
/* End PBXGroup section */

/* Begin PBXNativeTarget section */
		AE12123324C1AB1300822FF4 /* MyPlases */ = {
			isa = PBXNativeTarget;
			buildConfigurationList = AE12124824C1AB1500822FF4 /* Build configuration list for PBXNativeTarget "MyPlases" */;
			buildPhases = (
				AE12123024C1AB1300822FF4 /* Sources */,
				AE12123124C1AB1300822FF4 /* Frameworks */,
				AE12123224C1AB1300822FF4 /* Resources */,
			);
			buildRules = (
			);
			dependencies = (
			);
			name = MyPlases;
			productName = MyPlases;
			productReference = AE12123424C1AB1300822FF4 /* MyPlases.app */;
			productType = "com.apple.product-type.application";
		};
/* End PBXNativeTarget section */

/* Begin PBXProject section */
		AE12122C24C1AB1300822FF4 /* Project object */ = {
			isa = PBXProject;
			attributes = {
				LastSwiftUpdateCheck = 1160;
				LastUpgradeCheck = 1160;
				ORGANIZATIONNAME = "Сергей Васильев";
				TargetAttributes = {
					AE12123324C1AB1300822FF4 = {
						CreatedOnToolsVersion = 11.6;
					};
				};
			};
			buildConfigurationList = AE12122F24C1AB1300822FF4 /* Build configuration list for PBXProject "MyPlases" */;
			compatibilityVersion = "Xcode 9.3";
			developmentRegion = en;
			hasScannedForEncodings = 0;
			knownRegions = (
				en,
				Base,
			);
			mainGroup = AE12122B24C1AB1300822FF4;
			productRefGroup = AE12123524C1AB1300822FF4 /* Products */;
			projectDirPath = "";
			projectRoot = "";
			targets = (
				AE12123324C1AB1300822FF4 /* MyPlases */,
			);
		};
/* End PBXProject section */

/* Begin PBXResourcesBuildPhase section */
		AE12123224C1AB1300822FF4 /* Resources */ = {
			isa = PBXResourcesBuildPhase;
			buildActionMask = 2147483647;
			files = (
				AE12124424C1AB1500822FF4 /* LaunchScreen.storyboard in Resources */,
				AE12124124C1AB1500822FF4 /* Assets.xcassets in Resources */,
				AE12123F24C1AB1300822FF4 /* Main.storyboard in Resources */,
			);
			runOnlyForDeploymentPostprocessing = 0;
		};
/* End PBXResourcesBuildPhase section */

/* Begin PBXSourcesBuildPhase section */
		AE12123024C1AB1300822FF4 /* Sources */ = {
			isa = PBXSourcesBuildPhase;
			buildActionMask = 2147483647;
			files = (
				AE12124C24C1B82B00822FF4 /* MainViewController.swift in Sources */,
				AE12123824C1AB1300822FF4 /* AppDelegate.swift in Sources */,
				AEDB301524C5CEE10073217D /* PlaseModel.swift in Sources */,
				AEDB301324C5C7DC0073217D /* CustomTableViewCell.swift in Sources */,
				AE12123A24C1AB1300822FF4 /* SceneDelegate.swift in Sources */,
				AEDB301724C5E1190073217D /* NewPlacesViewController.swift in Sources */,
			);
			runOnlyForDeploymentPostprocessing = 0;
		};
/* End PBXSourcesBuildPhase section */

/* Begin PBXVariantGroup section */
		AE12123D24C1AB1300822FF4 /* Main.storyboard */ = {
			isa = PBXVariantGroup;
			children = (
				AE12123E24C1AB1300822FF4 /* Base */,
			);
			name = Main.storyboard;
			sourceTree = "<group>";
		};
		AE12124224C1AB1500822FF4 /* LaunchScreen.storyboard */ = {
			isa = PBXVariantGroup;
			children = (
				AE12124324C1AB1500822FF4 /* Base */,
			);
			name = LaunchScreen.storyboard;
			sourceTree = "<group>";
		};
/* End PBXVariantGroup section */

/* Begin XCBuildConfiguration section */
		AE12124624C1AB1500822FF4 /* Debug */ = {
			isa = XCBuildConfiguration;
			buildSettings = {
				ALWAYS_SEARCH_USER_PATHS = NO;
				CLANG_ANALYZER_NONNULL = YES;
				CLANG_ANALYZER_NUMBER_OBJECT_CONVERSION = YES_AGGRESSIVE;
				CLANG_CXX_LANGUAGE_STANDARD = "gnu++14";
				CLANG_CXX_LIBRARY = "libc++";
				CLANG_ENABLE_MODULES = YES;
				CLANG_ENABLE_OBJC_ARC = YES;
				CLANG_ENABLE_OBJC_WEAK = YES;
				CLANG_WARN_BLOCK_CAPTURE_AUTORELEASING = YES;
				CLANG_WARN_BOOL_CONVERSION = YES;
				CLANG_WARN_COMMA = YES;
				CLANG_WARN_CONSTANT_CONVERSION = YES;
				CLANG_WARN_DEPRECATED_OBJC_IMPLEMENTATIONS = YES;
				CLANG_WARN_DIRECT_OBJC_ISA_USAGE = YES_ERROR;
				CLANG_WARN_DOCUMENTATION_COMMENTS = YES;
				CLANG_WARN_EMPTY_BODY = YES;
				CLANG_WARN_ENUM_CONVERSION = YES;
				CLANG_WARN_INFINITE_RECURSION = YES;
				CLANG_WARN_INT_CONVERSION = YES;
				CLANG_WARN_NON_LITERAL_NULL_CONVERSION = YES;
				CLANG_WARN_OBJC_IMPLICIT_RETAIN_SELF = YES;
				CLANG_WARN_OBJC_LITERAL_CONVERSION = YES;
				CLANG_WARN_OBJC_ROOT_CLASS = YES_ERROR;
				CLANG_WARN_RANGE_LOOP_ANALYSIS = YES;
				CLANG_WARN_STRICT_PROTOTYPES = YES;
				CLANG_WARN_SUSPICIOUS_MOVE = YES;
				CLANG_WARN_UNGUARDED_AVAILABILITY = YES_AGGRESSIVE;
				CLANG_WARN_UNREACHABLE_CODE = YES;
				CLANG_WARN__DUPLICATE_METHOD_MATCH = YES;
				COPY_PHASE_STRIP = NO;
				DEBUG_INFORMATION_FORMAT = dwarf;
				ENABLE_STRICT_OBJC_MSGSEND = YES;
				ENABLE_TESTABILITY = YES;
				GCC_C_LANGUAGE_STANDARD = gnu11;
				GCC_DYNAMIC_NO_PIC = NO;
				GCC_NO_COMMON_BLOCKS = YES;
				GCC_OPTIMIZATION_LEVEL = 0;
				GCC_PREPROCESSOR_DEFINITIONS = (
					"DEBUG=1",
					"$(inherited)",
				);
				GCC_WARN_64_TO_32_BIT_CONVERSION = YES;
				GCC_WARN_ABOUT_RETURN_TYPE = YES_ERROR;
				GCC_WARN_UNDECLARED_SELECTOR = YES;
				GCC_WARN_UNINITIALIZED_AUTOS = YES_AGGRESSIVE;
				GCC_WARN_UNUSED_FUNCTION = YES;
				GCC_WARN_UNUSED_VARIABLE = YES;
				IPHONEOS_DEPLOYMENT_TARGET = 13.6;
				MTL_ENABLE_DEBUG_INFO = INCLUDE_SOURCE;
				MTL_FAST_MATH = YES;
				ONLY_ACTIVE_ARCH = YES;
				SDKROOT = iphoneos;
				SWIFT_ACTIVE_COMPILATION_CONDITIONS = DEBUG;
				SWIFT_OPTIMIZATION_LEVEL = "-Onone";
			};
			name = Debug;
		};
		AE12124724C1AB1500822FF4 /* Release */ = {
			isa = XCBuildConfiguration;
			buildSettings = {
				ALWAYS_SEARCH_USER_PATHS = NO;
				CLANG_ANALYZER_NONNULL = YES;
				CLANG_ANALYZER_NUMBER_OBJECT_CONVERSION = YES_AGGRESSIVE;
				CLANG_CXX_LANGUAGE_STANDARD = "gnu++14";
				CLANG_CXX_LIBRARY = "libc++";
				CLANG_ENABLE_MODULES = YES;
				CLANG_ENABLE_OBJC_ARC = YES;
				CLANG_ENABLE_OBJC_WEAK = YES;
				CLANG_WARN_BLOCK_CAPTURE_AUTORELEASING = YES;
				CLANG_WARN_BOOL_CONVERSION = YES;
				CLANG_WARN_COMMA = YES;
				CLANG_WARN_CONSTANT_CONVERSION = YES;
				CLANG_WARN_DEPRECATED_OBJC_IMPLEMENTATIONS = YES;
				CLANG_WARN_DIRECT_OBJC_ISA_USAGE = YES_ERROR;
				CLANG_WARN_DOCUMENTATION_COMMENTS = YES;
				CLANG_WARN_EMPTY_BODY = YES;
				CLANG_WARN_ENUM_CONVERSION = YES;
				CLANG_WARN_INFINITE_RECURSION = YES;
				CLANG_WARN_INT_CONVERSION = YES;
				CLANG_WARN_NON_LITERAL_NULL_CONVERSION = YES;
				CLANG_WARN_OBJC_IMPLICIT_RETAIN_SELF = YES;
				CLANG_WARN_OBJC_LITERAL_CONVERSION = YES;
				CLANG_WARN_OBJC_ROOT_CLASS = YES_ERROR;
				CLANG_WARN_RANGE_LOOP_ANALYSIS = YES;
				CLANG_WARN_STRICT_PROTOTYPES = YES;
				CLANG_WARN_SUSPICIOUS_MOVE = YES;
				CLANG_WARN_UNGUARDED_AVAILABILITY = YES_AGGRESSIVE;
				CLANG_WARN_UNREACHABLE_CODE = YES;
				CLANG_WARN__DUPLICATE_METHOD_MATCH = YES;
				COPY_PHASE_STRIP = NO;
				DEBUG_INFORMATION_FORMAT = "dwarf-with-dsym";
				ENABLE_NS_ASSERTIONS = NO;
				ENABLE_STRICT_OBJC_MSGSEND = YES;
				GCC_C_LANGUAGE_STANDARD = gnu11;
				GCC_NO_COMMON_BLOCKS = YES;
				GCC_WARN_64_TO_32_BIT_CONVERSION = YES;
				GCC_WARN_ABOUT_RETURN_TYPE = YES_ERROR;
				GCC_WARN_UNDECLARED_SELECTOR = YES;
				GCC_WARN_UNINITIALIZED_AUTOS = YES_AGGRESSIVE;
				GCC_WARN_UNUSED_FUNCTION = YES;
				GCC_WARN_UNUSED_VARIABLE = YES;
				IPHONEOS_DEPLOYMENT_TARGET = 13.6;
				MTL_ENABLE_DEBUG_INFO = NO;
				MTL_FAST_MATH = YES;
				SDKROOT = iphoneos;
				SWIFT_COMPILATION_MODE = wholemodule;
				SWIFT_OPTIMIZATION_LEVEL = "-O";
				VALIDATE_PRODUCT = YES;
			};
			name = Release;
		};
		AE12124924C1AB1500822FF4 /* Debug */ = {
			isa = XCBuildConfiguration;
			buildSettings = {
				ASSETCATALOG_COMPILER_APPICON_NAME = AppIcon;
				CODE_SIGN_STYLE = Automatic;
				DEVELOPMENT_TEAM = 6G4G5N8K64;
				INFOPLIST_FILE = MyPlases/Info.plist;
				LD_RUNPATH_SEARCH_PATHS = (
					"$(inherited)",
					"@executable_path/Frameworks",
				);
				PRODUCT_BUNDLE_IDENTIFIER = home.MyPlases;
				PRODUCT_NAME = "$(TARGET_NAME)";
				SWIFT_VERSION = 5.0;
				TARGETED_DEVICE_FAMILY = "1,2";
			};
			name = Debug;
		};
		AE12124A24C1AB1500822FF4 /* Release */ = {
			isa = XCBuildConfiguration;
			buildSettings = {
				ASSETCATALOG_COMPILER_APPICON_NAME = AppIcon;
				CODE_SIGN_STYLE = Automatic;
				DEVELOPMENT_TEAM = 6G4G5N8K64;
				INFOPLIST_FILE = MyPlases/Info.plist;
				LD_RUNPATH_SEARCH_PATHS = (
					"$(inherited)",
					"@executable_path/Frameworks",
				);
				PRODUCT_BUNDLE_IDENTIFIER = home.MyPlases;
				PRODUCT_NAME = "$(TARGET_NAME)";
				SWIFT_VERSION = 5.0;
				TARGETED_DEVICE_FAMILY = "1,2";
			};
			name = Release;
		};
/* End XCBuildConfiguration section */

/* Begin XCConfigurationList section */
		AE12122F24C1AB1300822FF4 /* Build configuration list for PBXProject "MyPlases" */ = {
			isa = XCConfigurationList;
			buildConfigurations = (
				AE12124624C1AB1500822FF4 /* Debug */,
				AE12124724C1AB1500822FF4 /* Release */,
			);
			defaultConfigurationIsVisible = 0;
			defaultConfigurationName = Release;
		};
		AE12124824C1AB1500822FF4 /* Build configuration list for PBXNativeTarget "MyPlases" */ = {
			isa = XCConfigurationList;
			buildConfigurations = (
				AE12124924C1AB1500822FF4 /* Debug */,
				AE12124A24C1AB1500822FF4 /* Release */,
			);
			defaultConfigurationIsVisible = 0;
			defaultConfigurationName = Release;
		};
/* End XCConfigurationList section */
	};
	rootObject = AE12122C24C1AB1300822FF4 /* Project object */;
}
